
Microsoft Visual Studio Solution File, Format Version 12.00
# Visual Studio 14
VisualStudioVersion = 14.0.25420.1
MinimumVisualStudioVersion = 10.0.40219.1
Project("{8BC9CEB8-8B4A-11D0-8D11-00A0C91BC942}") = "tcpip_stack", "tcpip_stack\tcpip_stack.vcxproj", "{516DFE6B-DD23-48C1-9E9C-39C253B5E213}"
	ProjectSection(ProjectDependencies) = postProject
		{20B438DA-CBEC-4AFF-B11C-67B301D14AD5} = {20B438DA-CBEC-4AFF-B11C-67B301D14AD5}
		{17D62EEB-EABF-4D94-B1FF-BCDAAFA7DA52} = {17D62EEB-EABF-4D94-B1FF-BCDAAFA7DA52}
	EndProjectSection
EndProject
Project("{8BC9CEB8-8B4A-11D0-8D11-00A0C91BC942}") = "Packet", "wpcap\packetNtx\Dll\Project\Packet.vcxproj", "{17D62EEB-EABF-4D94-B1FF-BCDAAFA7DA52}"
EndProject
Project("{8BC9CEB8-8B4A-11D0-8D11-00A0C91BC942}") = "wpcap", "wpcap\wpcap\PRJ\wpcap.vcxproj", "{20B438DA-CBEC-4AFF-B11C-67B301D14AD5}"
EndProject
Project("{2150E333-8FDC-42A3-9474-1A3956D46DE8}") = "winpcap", "winpcap", "{E0A276CD-911E-4BE4-B873-F936AFA2B6FE}"
EndProject
Global
	GlobalSection(SolutionConfigurationPlatforms) = preSolution
		Debug No AirPcap|x64 = Debug No AirPcap|x64
		Debug No AirPcap|x86 = Debug No AirPcap|x86
		Debug No NetMon|x64 = Debug No NetMon|x64
		Debug No NetMon|x86 = Debug No NetMon|x86
		Debug NT4|x64 = Debug NT4|x64
		Debug NT4|x86 = Debug NT4|x86
		Debug|x64 = Debug|x64
		Debug|x86 = Debug|x86
		Release LOG_TO_FILE|x64 = Release LOG_TO_FILE|x64
		Release LOG_TO_FILE|x86 = Release LOG_TO_FILE|x86
		Release No AirPcap|x64 = Release No AirPcap|x64
		Release No AirPcap|x86 = Release No AirPcap|x86
		Release No NetMon LOG_TO_FILE|x64 = Release No NetMon LOG_TO_FILE|x64
		Release No NetMon LOG_TO_FILE|x86 = Release No NetMon LOG_TO_FILE|x86
		Release No NetMon|x64 = Release No NetMon|x64
		Release No NetMon|x86 = Release No NetMon|x86
		Release NT4 LOG_TO_FILE|x64 = Release NT4 LOG_TO_FILE|x64
		Release NT4 LOG_TO_FILE|x86 = Release NT4 LOG_TO_FILE|x86
		Release NT4|x64 = Release NT4|x64
		Release NT4|x86 = Release NT4|x86
		Release|x64 = Release|x64
		Release|x86 = Release|x86
	EndGlobalSection
	GlobalSection(ProjectConfigurationPlatforms) = postSolution
		{516DFE6B-DD23-48C1-9E9C-39C253B5E213}.Debug No AirPcap|x64.ActiveCfg = Debug|x64
		{516DFE6B-DD23-48C1-9E9C-39C253B5E213}.Debug No AirPcap|x64.Build.0 = Debug|x64
		{516DFE6B-DD23-48C1-9E9C-39C253B5E213}.Debug No AirPcap|x86.ActiveCfg = Debug|Win32
		{516DFE6B-DD23-48C1-9E9C-39C253B5E213}.Debug No AirPcap|x86.Build.0 = Debug|Win32
		{516DFE6B-DD23-48C1-9E9C-39C253B5E213}.Debug No NetMon|x64.ActiveCfg = Debug|x64
		{516DFE6B-DD23-48C1-9E9C-39C253B5E213}.Debug No NetMon|x64.Build.0 = Debug|x64
		{516DFE6B-DD23-48C1-9E9C-39C253B5E213}.Debug No NetMon|x86.ActiveCfg = Debug|Win32
		{516DFE6B-DD23-48C1-9E9C-39C253B5E213}.Debug No NetMon|x86.Build.0 = Debug|Win32
		{516DFE6B-DD23-48C1-9E9C-39C253B5E213}.Debug NT4|x64.ActiveCfg = Debug|x64
		{516DFE6B-DD23-48C1-9E9C-39C253B5E213}.Debug NT4|x64.Build.0 = Debug|x64
		{516DFE6B-DD23-48C1-9E9C-39C253B5E213}.Debug NT4|x86.ActiveCfg = Debug|Win32
		{516DFE6B-DD23-48C1-9E9C-39C253B5E213}.Debug NT4|x86.Build.0 = Debug|Win32
		{516DFE6B-DD23-48C1-9E9C-39C253B5E213}.Debug|x64.ActiveCfg = Debug|x64
		{516DFE6B-DD23-48C1-9E9C-39C253B5E213}.Debug|x64.Build.0 = Debug|x64
		{516DFE6B-DD23-48C1-9E9C-39C253B5E213}.Debug|x86.ActiveCfg = Debug|Win32
		{516DFE6B-DD23-48C1-9E9C-39C253B5E213}.Debug|x86.Build.0 = Debug|Win32
		{516DFE6B-DD23-48C1-9E9C-39C253B5E213}.Release LOG_TO_FILE|x64.ActiveCfg = Release|x64
		{516DFE6B-DD23-48C1-9E9C-39C253B5E213}.Release LOG_TO_FILE|x64.Build.0 = Release|x64
		{516DFE6B-DD23-48C1-9E9C-39C253B5E213}.Release LOG_TO_FILE|x86.ActiveCfg = Release|Win32
		{516DFE6B-DD23-48C1-9E9C-39C253B5E213}.Release LOG_TO_FILE|x86.Build.0 = Release|Win32
		{516DFE6B-DD23-48C1-9E9C-39C253B5E213}.Release No AirPcap|x64.ActiveCfg = Release|x64
		{516DFE6B-DD23-48C1-9E9C-39C253B5E213}.Release No AirPcap|x64.Build.0 = Release|x64
		{516DFE6B-DD23-48C1-9E9C-39C253B5E213}.Release No AirPcap|x86.ActiveCfg = Release|Win32
		{516DFE6B-DD23-48C1-9E9C-39C253B5E213}.Release No AirPcap|x86.Build.0 = Release|Win32
		{516DFE6B-DD23-48C1-9E9C-39C253B5E213}.Release No NetMon LOG_TO_FILE|x64.ActiveCfg = Release|x64
		{516DFE6B-DD23-48C1-9E9C-39C253B5E213}.Release No NetMon LOG_TO_FILE|x64.Build.0 = Release|x64
		{516DFE6B-DD23-48C1-9E9C-39C253B5E213}.Release No NetMon LOG_TO_FILE|x86.ActiveCfg = Release|Win32
		{516DFE6B-DD23-48C1-9E9C-39C253B5E213}.Release No NetMon LOG_TO_FILE|x86.Build.0 = Release|Win32
		{516DFE6B-DD23-48C1-9E9C-39C253B5E213}.Release No NetMon|x64.ActiveCfg = Release|x64
		{516DFE6B-DD23-48C1-9E9C-39C253B5E213}.Release No NetMon|x64.Build.0 = Release|x64
		{516DFE6B-DD23-48C1-9E9C-39C253B5E213}.Release No NetMon|x86.ActiveCfg = Release|Win32
		{516DFE6B-DD23-48C1-9E9C-39C253B5E213}.Release No NetMon|x86.Build.0 = Release|Win32
		{516DFE6B-DD23-48C1-9E9C-39C253B5E213}.Release NT4 LOG_TO_FILE|x64.ActiveCfg = Release|x64
		{516DFE6B-DD23-48C1-9E9C-39C253B5E213}.Release NT4 LOG_TO_FILE|x64.Build.0 = Release|x64
		{516DFE6B-DD23-48C1-9E9C-39C253B5E213}.Release NT4 LOG_TO_FILE|x86.ActiveCfg = Release|Win32
		{516DFE6B-DD23-48C1-9E9C-39C253B5E213}.Release NT4 LOG_TO_FILE|x86.Build.0 = Release|Win32
		{516DFE6B-DD23-48C1-9E9C-39C253B5E213}.Release NT4|x64.ActiveCfg = Release|x64
		{516DFE6B-DD23-48C1-9E9C-39C253B5E213}.Release NT4|x64.Build.0 = Release|x64
		{516DFE6B-DD23-48C1-9E9C-39C253B5E213}.Release NT4|x86.ActiveCfg = Release|Win32
		{516DFE6B-DD23-48C1-9E9C-39C253B5E213}.Release NT4|x86.Build.0 = Release|Win32
		{516DFE6B-DD23-48C1-9E9C-39C253B5E213}.Release|x64.ActiveCfg = Release|x64
		{516DFE6B-DD23-48C1-9E9C-39C253B5E213}.Release|x64.Build.0 = Release|x64
		{516DFE6B-DD23-48C1-9E9C-39C253B5E213}.Release|x86.ActiveCfg = Release|Win32
		{516DFE6B-DD23-48C1-9E9C-39C253B5E213}.Release|x86.Build.0 = Release|Win32
		{17D62EEB-EABF-4D94-B1FF-BCDAAFA7DA52}.Debug No AirPcap|x64.ActiveCfg = Debug No NetMon|x64
		{17D62EEB-EABF-4D94-B1FF-BCDAAFA7DA52}.Debug No AirPcap|x64.Build.0 = Debug No NetMon|x64
		{17D62EEB-EABF-4D94-B1FF-BCDAAFA7DA52}.Debug No AirPcap|x86.ActiveCfg = Debug No NetMon|Win32
		{17D62EEB-EABF-4D94-B1FF-BCDAAFA7DA52}.Debug No AirPcap|x86.Build.0 = Debug No NetMon|Win32
		{17D62EEB-EABF-4D94-B1FF-BCDAAFA7DA52}.Debug No NetMon|x64.ActiveCfg = Debug No NetMon|x64
		{17D62EEB-EABF-4D94-B1FF-BCDAAFA7DA52}.Debug No NetMon|x64.Build.0 = Debug No NetMon|x64
		{17D62EEB-EABF-4D94-B1FF-BCDAAFA7DA52}.Debug No NetMon|x86.ActiveCfg = Debug No NetMon|Win32
		{17D62EEB-EABF-4D94-B1FF-BCDAAFA7DA52}.Debug No NetMon|x86.Build.0 = Debug No NetMon|Win32
		{17D62EEB-EABF-4D94-B1FF-BCDAAFA7DA52}.Debug NT4|x64.ActiveCfg = Debug NT4|x64
		{17D62EEB-EABF-4D94-B1FF-BCDAAFA7DA52}.Debug NT4|x64.Build.0 = Debug NT4|x64
		{17D62EEB-EABF-4D94-B1FF-BCDAAFA7DA52}.Debug NT4|x86.ActiveCfg = Debug NT4|Win32
		{17D62EEB-EABF-4D94-B1FF-BCDAAFA7DA52}.Debug NT4|x86.Build.0 = Debug NT4|Win32
		{17D62EEB-EABF-4D94-B1FF-BCDAAFA7DA52}.Debug|x64.ActiveCfg = Debug|x64
		{17D62EEB-EABF-4D94-B1FF-BCDAAFA7DA52}.Debug|x64.Build.0 = Debug|x64
		{17D62EEB-EABF-4D94-B1FF-BCDAAFA7DA52}.Debug|x86.ActiveCfg = Debug|Win32
		{17D62EEB-EABF-4D94-B1FF-BCDAAFA7DA52}.Debug|x86.Build.0 = Debug|Win32
		{17D62EEB-EABF-4D94-B1FF-BCDAAFA7DA52}.Release LOG_TO_FILE|x64.ActiveCfg = Release LOG_TO_FILE|x64
		{17D62EEB-EABF-4D94-B1FF-BCDAAFA7DA52}.Release LOG_TO_FILE|x64.Build.0 = Release LOG_TO_FILE|x64
		{17D62EEB-EABF-4D94-B1FF-BCDAAFA7DA52}.Release LOG_TO_FILE|x86.ActiveCfg = Release LOG_TO_FILE|Win32
		{17D62EEB-EABF-4D94-B1FF-BCDAAFA7DA52}.Release LOG_TO_FILE|x86.Build.0 = Release LOG_TO_FILE|Win32
		{17D62EEB-EABF-4D94-B1FF-BCDAAFA7DA52}.Release No AirPcap|x64.ActiveCfg = Release No NetMon|x64
		{17D62EEB-EABF-4D94-B1FF-BCDAAFA7DA52}.Release No AirPcap|x64.Build.0 = Release No NetMon|x64
		{17D62EEB-EABF-4D94-B1FF-BCDAAFA7DA52}.Release No AirPcap|x86.ActiveCfg = Release No NetMon|Win32
		{17D62EEB-EABF-4D94-B1FF-BCDAAFA7DA52}.Release No AirPcap|x86.Build.0 = Release No NetMon|Win32
		{17D62EEB-EABF-4D94-B1FF-BCDAAFA7DA52}.Release No NetMon LOG_TO_FILE|x64.ActiveCfg = Release No NetMon LOG_TO_FILE|x64
		{17D62EEB-EABF-4D94-B1FF-BCDAAFA7DA52}.Release No NetMon LOG_TO_FILE|x64.Build.0 = Release No NetMon LOG_TO_FILE|x64
		{17D62EEB-EABF-4D94-B1FF-BCDAAFA7DA52}.Release No NetMon LOG_TO_FILE|x86.ActiveCfg = Release No NetMon LOG_TO_FILE|Win32
		{17D62EEB-EABF-4D94-B1FF-BCDAAFA7DA52}.Release No NetMon LOG_TO_FILE|x86.Build.0 = Release No NetMon LOG_TO_FILE|Win32
		{17D62EEB-EABF-4D94-B1FF-BCDAAFA7DA52}.Release No NetMon|x64.ActiveCfg = Release No NetMon|x64
		{17D62EEB-EABF-4D94-B1FF-BCDAAFA7DA52}.Release No NetMon|x64.Build.0 = Release No NetMon|x64
		{17D62EEB-EABF-4D94-B1FF-BCDAAFA7DA52}.Release No NetMon|x86.ActiveCfg = Release No NetMon|Win32
		{17D62EEB-EABF-4D94-B1FF-BCDAAFA7DA52}.Release No NetMon|x86.Build.0 = Release No NetMon|Win32
		{17D62EEB-EABF-4D94-B1FF-BCDAAFA7DA52}.Release NT4 LOG_TO_FILE|x64.ActiveCfg = Release NT4 LOG_TO_FILE|x64
		{17D62EEB-EABF-4D94-B1FF-BCDAAFA7DA52}.Release NT4 LOG_TO_FILE|x64.Build.0 = Release NT4 LOG_TO_FILE|x64
		{17D62EEB-EABF-4D94-B1FF-BCDAAFA7DA52}.Release NT4 LOG_TO_FILE|x86.ActiveCfg = Release NT4 LOG_TO_FILE|Win32
		{17D62EEB-EABF-4D94-B1FF-BCDAAFA7DA52}.Release NT4 LOG_TO_FILE|x86.Build.0 = Release NT4 LOG_TO_FILE|Win32
		{17D62EEB-EABF-4D94-B1FF-BCDAAFA7DA52}.Release NT4|x64.ActiveCfg = Release NT4|x64
		{17D62EEB-EABF-4D94-B1FF-BCDAAFA7DA52}.Release NT4|x64.Build.0 = Release NT4|x64
		{17D62EEB-EABF-4D94-B1FF-BCDAAFA7DA52}.Release NT4|x86.ActiveCfg = Release NT4|Win32
		{17D62EEB-EABF-4D94-B1FF-BCDAAFA7DA52}.Release NT4|x86.Build.0 = Release NT4|Win32
		{17D62EEB-EABF-4D94-B1FF-BCDAAFA7DA52}.Release|x64.ActiveCfg = Release|x64
		{17D62EEB-EABF-4D94-B1FF-BCDAAFA7DA52}.Release|x64.Build.0 = Release|x64
		{17D62EEB-EABF-4D94-B1FF-BCDAAFA7DA52}.Release|x86.ActiveCfg = Release|Win32
		{17D62EEB-EABF-4D94-B1FF-BCDAAFA7DA52}.Release|x86.Build.0 = Release|Win32
		{20B438DA-CBEC-4AFF-B11C-67B301D14AD5}.Debug No AirPcap|x64.ActiveCfg = Debug No AirPcap|x64
		{20B438DA-CBEC-4AFF-B11C-67B301D14AD5}.Debug No AirPcap|x64.Build.0 = Debug No AirPcap|x64
		{20B438DA-CBEC-4AFF-B11C-67B301D14AD5}.Debug No AirPcap|x86.ActiveCfg = Debug No AirPcap|Win32
		{20B438DA-CBEC-4AFF-B11C-67B301D14AD5}.Debug No AirPcap|x86.Build.0 = Debug No AirPcap|Win32
		{20B438DA-CBEC-4AFF-B11C-67B301D14AD5}.Debug No NetMon|x64.ActiveCfg = Debug No AirPcap|x64
		{20B438DA-CBEC-4AFF-B11C-67B301D14AD5}.Debug No NetMon|x64.Build.0 = Debug No AirPcap|x64
		{20B438DA-CBEC-4AFF-B11C-67B301D14AD5}.Debug No NetMon|x86.ActiveCfg = Debug No AirPcap|Win32
		{20B438DA-CBEC-4AFF-B11C-67B301D14AD5}.Debug No NetMon|x86.Build.0 = Debug No AirPcap|Win32
		{20B438DA-CBEC-4AFF-B11C-67B301D14AD5}.Debug NT4|x64.ActiveCfg = Debug No AirPcap|x64
		{20B438DA-CBEC-4AFF-B11C-67B301D14AD5}.Debug NT4|x64.Build.0 = Debug No AirPcap|x64
		{20B438DA-CBEC-4AFF-B11C-67B301D14AD5}.Debug NT4|x86.ActiveCfg = Debug No AirPcap|Win32
		{20B438DA-CBEC-4AFF-B11C-67B301D14AD5}.Debug NT4|x86.Build.0 = Debug No AirPcap|Win32
		{20B438DA-CBEC-4AFF-B11C-67B301D14AD5}.Debug|x64.ActiveCfg = Debug|x64
		{20B438DA-CBEC-4AFF-B11C-67B301D14AD5}.Debug|x64.Build.0 = Debug|x64
		{20B438DA-CBEC-4AFF-B11C-67B301D14AD5}.Debug|x86.ActiveCfg = Debug|Win32
		{20B438DA-CBEC-4AFF-B11C-67B301D14AD5}.Debug|x86.Build.0 = Debug|Win32
		{20B438DA-CBEC-4AFF-B11C-67B301D14AD5}.Release LOG_TO_FILE|x64.ActiveCfg = Release No AirPcap|x64
		{20B438DA-CBEC-4AFF-B11C-67B301D14AD5}.Release LOG_TO_FILE|x64.Build.0 = Release No AirPcap|x64
		{20B438DA-CBEC-4AFF-B11C-67B301D14AD5}.Release LOG_TO_FILE|x86.ActiveCfg = Release No AirPcap|Win32
		{20B438DA-CBEC-4AFF-B11C-67B301D14AD5}.Release LOG_TO_FILE|x86.Build.0 = Release No AirPcap|Win32
		{20B438DA-CBEC-4AFF-B11C-67B301D14AD5}.Release No AirPcap|x64.ActiveCfg = Release No AirPcap|x64
		{20B438DA-CBEC-4AFF-B11C-67B301D14AD5}.Release No AirPcap|x64.Build.0 = Release No AirPcap|x64
		{20B438DA-CBEC-4AFF-B11C-67B301D14AD5}.Release No AirPcap|x86.ActiveCfg = Release No AirPcap|Win32
		{20B438DA-CBEC-4AFF-B11C-67B301D14AD5}.Release No AirPcap|x86.Build.0 = Release No AirPcap|Win32
		{20B438DA-CBEC-4AFF-B11C-67B301D14AD5}.Release No NetMon LOG_TO_FILE|x64.ActiveCfg = Release No AirPcap|x64
		{20B438DA-CBEC-4AFF-B11C-67B301D14AD5}.Release No NetMon LOG_TO_FILE|x64.Build.0 = Release No AirPcap|x64
		{20B438DA-CBEC-4AFF-B11C-67B301D14AD5}.Release No NetMon LOG_TO_FILE|x86.ActiveCfg = Release No AirPcap|Win32
		{20B438DA-CBEC-4AFF-B11C-67B301D14AD5}.Release No NetMon LOG_TO_FILE|x86.Build.0 = Release No AirPcap|Win32
		{20B438DA-CBEC-4AFF-B11C-67B301D14AD5}.Release No NetMon|x64.ActiveCfg = Release No AirPcap|x64
		{20B438DA-CBEC-4AFF-B11C-67B301D14AD5}.Release No NetMon|x64.Build.0 = Release No AirPcap|x64
		{20B438DA-CBEC-4AFF-B11C-67B301D14AD5}.Release No NetMon|x86.ActiveCfg = Release No AirPcap|Win32
		{20B438DA-CBEC-4AFF-B11C-67B301D14AD5}.Release No NetMon|x86.Build.0 = Release No AirPcap|Win32
		{20B438DA-CBEC-4AFF-B11C-67B301D14AD5}.Release NT4 LOG_TO_FILE|x64.ActiveCfg = Release No AirPcap|x64
		{20B438DA-CBEC-4AFF-B11C-67B301D14AD5}.Release NT4 LOG_TO_FILE|x64.Build.0 = Release No AirPcap|x64
		{20B438DA-CBEC-4AFF-B11C-67B301D14AD5}.Release NT4 LOG_TO_FILE|x86.ActiveCfg = Release No AirPcap|Win32
		{20B438DA-CBEC-4AFF-B11C-67B301D14AD5}.Release NT4 LOG_TO_FILE|x86.Build.0 = Release No AirPcap|Win32
		{20B438DA-CBEC-4AFF-B11C-67B301D14AD5}.Release NT4|x64.ActiveCfg = Release No AirPcap|x64
		{20B438DA-CBEC-4AFF-B11C-67B301D14AD5}.Release NT4|x64.Build.0 = Release No AirPcap|x64
		{20B438DA-CBEC-4AFF-B11C-67B301D14AD5}.Release NT4|x86.ActiveCfg = Release No AirPcap|Win32
		{20B438DA-CBEC-4AFF-B11C-67B301D14AD5}.Release NT4|x86.Build.0 = Release No AirPcap|Win32
		{20B438DA-CBEC-4AFF-B11C-67B301D14AD5}.Release|x64.ActiveCfg = Release|x64
		{20B438DA-CBEC-4AFF-B11C-67B301D14AD5}.Release|x64.Build.0 = Release|x64
		{20B438DA-CBEC-4AFF-B11C-67B301D14AD5}.Release|x86.ActiveCfg = Release|Win32
		{20B438DA-CBEC-4AFF-B11C-67B301D14AD5}.Release|x86.Build.0 = Release|Win32
	EndGlobalSection
	GlobalSection(SolutionProperties) = preSolution
		HideSolutionNode = FALSE
	EndGlobalSection
	GlobalSection(NestedProjects) = preSolution
		{17D62EEB-EABF-4D94-B1FF-BCDAAFA7DA52} = {E0A276CD-911E-4BE4-B873-F936AFA2B6FE}
		{20B438DA-CBEC-4AFF-B11C-67B301D14AD5} = {E0A276CD-911E-4BE4-B873-F936AFA2B6FE}
	EndGlobalSection
EndGlobal
