
Microsoft Visual Studio Solution File, Format Version 11.00
# Visual Studio 2010
Project("{8BC9CEB8-8B4A-11D0-8D11-00A0C91BC942}") = "libpcap", "libpcap.vcxproj", "{15E89308-47DF-D76F-0FBB-7B15A11D6CB3}"
EndProject
Global
	GlobalSection(SolutionConfigurationPlatforms) = preSolution
		Debug REMOTE|Win32 = Debug REMOTE|Win32
		Debug|Win32 = Debug|Win32
		Release REMOTE|Win32 = Release REMOTE|Win32
		Release|Win32 = Release|Win32
	EndGlobalSection
	GlobalSection(ProjectConfigurationPlatforms) = postSolution
		{15E89308-47DF-D76F-0FBB-7B15A11D6CB3}.Debug REMOTE|Win32.ActiveCfg = Debug REMOTE|Win32
		{15E89308-47DF-D76F-0FBB-7B15A11D6CB3}.Debug REMOTE|Win32.Build.0 = Debug REMOTE|Win32
		{15E89308-47DF-D76F-0FBB-7B15A11D6CB3}.Debug|Win32.ActiveCfg = Debug|Win32
		{15E89308-47DF-D76F-0FBB-7B15A11D6CB3}.Debug|Win32.Build.0 = Debug|Win32
		{15E89308-47DF-D76F-0FBB-7B15A11D6CB3}.Release REMOTE|Win32.ActiveCfg = Release REMOTE|Win32
		{15E89308-47DF-D76F-0FBB-7B15A11D6CB3}.Release REMOTE|Win32.Build.0 = Release REMOTE|Win32
		{15E89308-47DF-D76F-0FBB-7B15A11D6CB3}.Release|Win32.ActiveCfg = Release|Win32
		{15E89308-47DF-D76F-0FBB-7B15A11D6CB3}.Release|Win32.Build.0 = Release|Win32
	EndGlobalSection
	GlobalSection(SolutionProperties) = preSolution
		HideSolutionNode = FALSE
	EndGlobalSection
EndGlobal
